<?xml version="1.0" encoding="utf-8"?>
<Project ToolsVersion="4.0" xmlns="http://schemas.microsoft.com/developer/msbuild/2003">
  <ItemGroup>
    <Filter Include="Source Files">
      <UniqueIdentifier>{4FC737F1-C7A5-4376-A066-2A32D752A2FF}</UniqueIdentifier>
      <Extensions>cpp;c;cc;cxx;c++;cppm;ixx;def;odl;idl;hpj;bat;asm;asmx</Extensions>
    </Filter>
    <Filter Include="Header Files">
      <UniqueIdentifier>{93995380-89BD-4b04-88EB-625FBE52EBFB}</UniqueIdentifier>
      <Extensions>h;hh;hpp;hxx;h++;hm;inl;inc;ipp;xsd</Extensions>
    </Filter>
    <Filter Include="Resource Files">
      <UniqueIdentifier>{67DA6AB6-F800-4c08-8B7A-83BB121AAD01}</UniqueIdentifier>
      <Extensions>rc;ico;cur;bmp;dlg;rc2;rct;bin;rgs;gif;jpg;jpeg;jpe;resx;tiff;tif;png;wav;mfcribbon-ms</Extensions>
    </Filter>
    <Filter Include="LAB1">
      <UniqueIdentifier>{557cdb9c-7cb1-4d89-a645-17dca58e9612}</UniqueIdentifier>
    </Filter>
    <Filter Include="LAB3">
      <UniqueIdentifier>{4f1ec72c-fe21-497f-ba93-81637517bbe3}</UniqueIdentifier>
    </Filter>
    <Filter Include="LAB2">
      <UniqueIdentifier>{f0e23f28-70c4-4ca8-ae9d-f2afd4d0954d}</UniqueIdentifier>
    </Filter>
  </ItemGroup>
  <ItemGroup>
    <ClCompile Include="..\LAB1.cpp">
      <Filter>LAB1</Filter>
    </ClCompile>
    <ClCompile Include="CS.cpp">
      <Filter>LAB2</Filter>
    </ClCompile>
    <ClCompile Include="help.cpp">
      <Filter>LAB2</Filter>
    </ClCompile>
    <ClCompile Include="main.cpp">
      <Filter>LAB2</Filter>
    </ClCompile>
    <ClCompile Include="pipe.cpp">
      <Filter>LAB2</Filter>
    </ClCompile>
    <ClCompile Include="pipe3.cpp">
      <Filter>LAB3</Filter>
    </ClCompile>
    <ClCompile Include="menu.cpp">
      <Filter>LAB3</Filter>
    </ClCompile>
    <ClCompile Include="main3.cpp">
      <Filter>LAB3</Filter>
    </ClCompile>
    <ClCompile Include="CS3.cpp">
      <Filter>LAB3</Filter>
    </ClCompile>
    <ClCompile Include="gtn.cpp">
      <Filter>LAB3</Filter>
    </ClCompile>
  </ItemGroup>
  <ItemGroup>
    <ClInclude Include="CS.h">
      <Filter>LAB2</Filter>
    </ClInclude>
    <ClInclude Include="help.h">
      <Filter>LAB2</Filter>
    </ClInclude>
    <ClInclude Include="pipe.h">
      <Filter>LAB2</Filter>
    </ClInclude>
    <ClInclude Include="utilities.h">
      <Filter>LAB3</Filter>
    </ClInclude>
    <ClInclude Include="pipe3.h">
      <Filter>LAB3</Filter>
    </ClInclude>
    <ClInclude Include="CS3.h">
      <Filter>LAB3</Filter>
    </ClInclude>
    <ClInclude Include="menu.h">
      <Filter>LAB3</Filter>
    </ClInclude>
    <ClInclude Include="gtn.h">
      <Filter>LAB3</Filter>
    </ClInclude>
  </ItemGroup>
</Project>